
Microsoft Visual Studio Solution File, Format Version 12.00
# Visual Studio 2017
Project("{FAE04EC0-301F-11D3-BF4B-00C04F79EFBC}") = "TabMonsterGithub", "TabMonsterGithub.csproj", "{B3D9EE52-2F3B-1D34-F73B-32EDF1D89894}"
EndProject
Project("{FAE04EC0-301F-11D3-BF4B-00C04F79EFBC}") = "TabMonsterGithub.Editor", "TabMonsterGithub.Editor.csproj", "{76AED4A7-A771-9BA9-55EE-9EE4559FCFBF}"
EndProject
Global
	GlobalSection(SolutionConfigurationPlatforms) = preSolution
		Debug|Any CPU = Debug|Any CPU
		Release|Any CPU = Release|Any CPU
	EndGlobalSection
	GlobalSection(ProjectConfigurationPlatforms) = postSolution
		{B3D9EE52-2F3B-1D34-F73B-32EDF1D89894}.Debug|Any CPU.ActiveCfg = Debug|Any CPU
		{B3D9EE52-2F3B-1D34-F73B-32EDF1D89894}.Debug|Any CPU.Build.0 = Debug|Any CPU
		{B3D9EE52-2F3B-1D34-F73B-32EDF1D89894}.Release|Any CPU.ActiveCfg = Release|Any CPU
		{B3D9EE52-2F3B-1D34-F73B-32EDF1D89894}.Release|Any CPU.Build.0 = Release|Any CPU
		{76AED4A7-A771-9BA9-55EE-9EE4559FCFBF}.Debug|Any CPU.ActiveCfg = Debug|Any CPU
		{76AED4A7-A771-9BA9-55EE-9EE4559FCFBF}.Debug|Any CPU.Build.0 = Debug|Any CPU
		{76AED4A7-A771-9BA9-55EE-9EE4559FCFBF}.Release|Any CPU.ActiveCfg = Release|Any CPU
		{76AED4A7-A771-9BA9-55EE-9EE4559FCFBF}.Release|Any CPU.Build.0 = Release|Any CPU
	EndGlobalSection
	GlobalSection(SolutionProperties) = preSolution
		HideSolutionNode = FALSE
	EndGlobalSection
EndGlobal
